
Microsoft Visual Studio Solution File, Format Version 12.00
# Visual Studio Version 17
VisualStudioVersion = 17.14.36127.28 d17.14
MinimumVisualStudioVersion = 10.0.40219.1
Project("{FAE04EC0-301F-11D3-BF4B-00C04F79EFBC}") = "DotNetCoreWeb_With_Azure_Intra_MSAL", "DotNetCoreWeb_With_Azure_Intra_MSAL\DotNetCoreWeb_With_Azure_Intra_MSAL.csproj", "{C7B8383A-7070-4CC1-BFC0-B1A0D1D5D48E}"
EndProject
Global
	GlobalSection(SolutionConfigurationPlatforms) = preSolution
		Debug|Any CPU = Debug|Any CPU
		Release|Any CPU = Release|Any CPU
	EndGlobalSection
	GlobalSection(ProjectConfigurationPlatforms) = postSolution
		{C7B8383A-7070-4CC1-BFC0-B1A0D1D5D48E}.Debug|Any CPU.ActiveCfg = Debug|Any CPU
		{C7B8383A-7070-4CC1-BFC0-B1A0D1D5D48E}.Debug|Any CPU.Build.0 = Debug|Any CPU
		{C7B8383A-7070-4CC1-BFC0-B1A0D1D5D48E}.Release|Any CPU.ActiveCfg = Release|Any CPU
		{C7B8383A-7070-4CC1-BFC0-B1A0D1D5D48E}.Release|Any CPU.Build.0 = Release|Any CPU
	EndGlobalSection
	GlobalSection(SolutionProperties) = preSolution
		HideSolutionNode = FALSE
	EndGlobalSection
	GlobalSection(ExtensibilityGlobals) = postSolution
		SolutionGuid = {729813A9-1114-45EE-B954-24BE1464663A}
	EndGlobalSection
EndGlobal
